{
  "originHash" : "4ae77eee87b3aac2b021d3ac9aedaf8fe1d744fd89af0c90d5d8d2c932aeeb92",
  "pins" : [
    {
      "identity" : "taashirautility",
      "kind" : "remoteSourceControl",
      "location" : "https://github.com/AhmadHemeda/TaashiraUtility.git",
      "state" : {
        "revision" : "e079bc5515aa7c6a975b2df3d2224a911a63294b",
        "version" : "1.0.1"
      }
    }
  ],
  "version" : 3
}
